{
  "version": 4,
  "terraform_version": "1.3.4",
  "serial": 26,
  "lineage": "aadea8c0-2f2a-f0e3-b1df-62c6c5ebf6d1",
  "outputs": {},
  "resources": [
    {
      "mode": "managed",
      "type": "digitalocean_domain",
      "name": "islafloreana",
      "provider": "provider[\"registry.terraform.io/digitalocean/digitalocean\"]",
      "instances": [
        {
          "schema_version": 0,
          "attributes": {
            "id": "islafloreanagalapagos.com",
            "ip_address": "143.110.227.217",
            "name": "islafloreanagalapagos.com",
            "ttl": 1800,
            "urn": "do:domain:islafloreanagalapagos.com"
          },
          "sensitive_attributes": [],
          "private": "bnVsbA==",
          "dependencies": [
            "digitalocean_droplet.QNODE12",
            "digitalocean_ssh_key.qnd12"
          ]
        }
      ]
    },
    {
      "mode": "managed",
      "type": "digitalocean_droplet",
      "name": "QNODE12",
      "provider": "provider[\"registry.terraform.io/digitalocean/digitalocean\"]",
      "instances": [
        {
          "schema_version": 1,
          "attributes": {
            "backups": false,
            "created_at": "2023-04-18T19:47:49Z",
            "disk": 25,
            "droplet_agent": null,
            "graceful_shutdown": false,
            "id": "351351385",
            "image": "ubuntu-22-04-x64",
            "ipv4_address": "143.110.227.217",
            "ipv4_address_private": "10.124.0.2",
            "ipv6": false,
            "ipv6_address": "",
            "locked": false,
            "memory": 1024,
            "monitoring": false,
            "name": "QNODE12",
            "price_hourly": 0.00893,
            "price_monthly": 6,
            "private_networking": true,
            "region": "sfo3",
            "resize_disk": true,
            "size": "s-1vcpu-1gb",
            "ssh_keys": [
              "d4:cb:86:d4:cb:59:64:4e:80:c9:5d:60:00:bf:ec:86"
            ],
            "status": "active",
            "tags": null,
            "timeouts": null,
            "urn": "do:droplet:351351385",
            "user_data": "ba0820a0c47238ea4e633d5e5cc992b0ca8bc758",
            "vcpus": 1,
            "volume_ids": [],
            "vpc_uuid": "9d8418ce-1876-4a0f-bbf4-4d89e17d26ae"
          },
          "sensitive_attributes": [],
          "private": "eyJlMmJmYjczMC1lY2FhLTExZTYtOGY4OC0zNDM2M2JjN2M0YzAiOnsiY3JlYXRlIjozNjAwMDAwMDAwMDAwLCJkZWxldGUiOjYwMDAwMDAwMDAwLCJ1cGRhdGUiOjM2MDAwMDAwMDAwMDB9LCJzY2hlbWFfdmVyc2lvbiI6IjEifQ==",
          "dependencies": [
            "digitalocean_ssh_key.qnd12"
          ]
        }
      ]
    },
    {
      "mode": "managed",
      "type": "digitalocean_record",
      "name": "www",
      "provider": "provider[\"registry.terraform.io/digitalocean/digitalocean\"]",
      "instances": [
        {
          "schema_version": 0,
          "attributes": {
            "domain": "islafloreanagalapagos.com",
            "flags": 0,
            "fqdn": "islafloreana.islafloreanagalapagos.com",
            "id": "370976412",
            "name": "islafloreana",
            "port": 0,
            "priority": 0,
            "tag": "",
            "ttl": 50,
            "type": "A",
            "value": "143.110.227.217",
            "weight": 0
          },
          "sensitive_attributes": [],
          "private": "bnVsbA==",
          "dependencies": [
            "digitalocean_domain.islafloreana",
            "digitalocean_droplet.QNODE12",
            "digitalocean_ssh_key.qnd12"
          ]
        }
      ]
    },
    {
      "mode": "managed",
      "type": "digitalocean_ssh_key",
      "name": "qnd12",
      "provider": "provider[\"registry.terraform.io/digitalocean/digitalocean\"]",
      "instances": [
        {
          "schema_version": 0,
          "attributes": {
            "fingerprint": "d4:cb:86:d4:cb:59:64:4e:80:c9:5d:60:00:bf:ec:86",
            "id": "38084354",
            "name": "qnd12",
            "public_key": "ssh-rsa AAAAB3NzaC1yc2EAAAADAQABAAABgQDZubo7seISuKkM2ySBQ9mC01eDgbq+CE2Cl8BhJOqmmqkldcjDrjlpE1yKjoT5uc8erDxwJVnVDV1fvDXYL6qvw1+eZuM/ft34NGCmyAt0lS6BmnxjI5J83SKEW2qxSUWLIoXo3MJYvVT2mBZ+9UtzV5ANWf+pjqX74V0x65lmFl6TzqwdYHcZvHMGDUdLDDZMWVdBEPOQswHReHsWSY1fGjvjHr7AC/DU3vlXMxOazeJMb1ic9U/Gx4E1OaPPMHW7A8nOoH8y09xeSMPf05u34YuiBcs9apD5OJtLGt9XWJlC6OGeC/KtbgMlIU++8nTUfVfP83q3y5lHtaKg2RonthY3/HyBte7KgrRy7iby33Wm12Bmsw8vcCHXrH5lZPApX1G7QhzwyfgAEyHRFvvkqjyEBIPIixzVE23VKvVFgrOZuRlsx9qyD9bWPDhh5LkLHOhJUkJK1Io7PmvPpBdiS0g9KjraYEzUibvXNrQVFawnpxljFwcW3nPfHZhDhy8= smartquail@MacBook-Air-de-smartquail.local"
          },
          "sensitive_attributes": [],
          "private": "bnVsbA=="
        }
      ]
    }
  ],
  "check_results": null
}
